
Microsoft Visual Studio Solution File, Format Version 12.00
# Visual Studio Version 17
VisualStudioVersion = 17.4.33110.190
MinimumVisualStudioVersion = 10.0.40219.1
Project("{FAE04EC0-301F-11D3-BF4B-00C04F79EFBC}") = "OrderInventory.Web", "OrderInventory.Web\OrderInventory.Web.csproj", "{1EB305BB-1C02-4848-9CC1-50867FA37783}"
EndProject
Project("{FAE04EC0-301F-11D3-BF4B-00C04F79EFBC}") = "OrderInventory.DAL", "OrderInventory.DAL\OrderInventory.DAL.csproj", "{C1E3AC42-7D2B-429C-982B-A536A7FAA30F}"
EndProject
Project("{FAE04EC0-301F-11D3-BF4B-00C04F79EFBC}") = "OrderInventory.BLL", "OrderInventory.BLL\OrderInventory.BLL.csproj", "{FC73299E-ECA2-4B04-98CA-D3E7DA94BBCD}"
EndProject
Global
	GlobalSection(SolutionConfigurationPlatforms) = preSolution
		Debug|Any CPU = Debug|Any CPU
		Release|Any CPU = Release|Any CPU
	EndGlobalSection
	GlobalSection(ProjectConfigurationPlatforms) = postSolution
		{1EB305BB-1C02-4848-9CC1-50867FA37783}.Debug|Any CPU.ActiveCfg = Debug|Any CPU
		{1EB305BB-1C02-4848-9CC1-50867FA37783}.Debug|Any CPU.Build.0 = Debug|Any CPU
		{1EB305BB-1C02-4848-9CC1-50867FA37783}.Release|Any CPU.ActiveCfg = Release|Any CPU
		{1EB305BB-1C02-4848-9CC1-50867FA37783}.Release|Any CPU.Build.0 = Release|Any CPU
		{C1E3AC42-7D2B-429C-982B-A536A7FAA30F}.Debug|Any CPU.ActiveCfg = Debug|Any CPU
		{C1E3AC42-7D2B-429C-982B-A536A7FAA30F}.Debug|Any CPU.Build.0 = Debug|Any CPU
		{C1E3AC42-7D2B-429C-982B-A536A7FAA30F}.Release|Any CPU.ActiveCfg = Release|Any CPU
		{C1E3AC42-7D2B-429C-982B-A536A7FAA30F}.Release|Any CPU.Build.0 = Release|Any CPU
		{FC73299E-ECA2-4B04-98CA-D3E7DA94BBCD}.Debug|Any CPU.ActiveCfg = Debug|Any CPU
		{FC73299E-ECA2-4B04-98CA-D3E7DA94BBCD}.Debug|Any CPU.Build.0 = Debug|Any CPU
		{FC73299E-ECA2-4B04-98CA-D3E7DA94BBCD}.Release|Any CPU.ActiveCfg = Release|Any CPU
		{FC73299E-ECA2-4B04-98CA-D3E7DA94BBCD}.Release|Any CPU.Build.0 = Release|Any CPU
	EndGlobalSection
	GlobalSection(SolutionProperties) = preSolution
		HideSolutionNode = FALSE
	EndGlobalSection
	GlobalSection(ExtensibilityGlobals) = postSolution
		SolutionGuid = {C7E6E2EA-EE71-4341-9424-CFA0175ED000}
	EndGlobalSection
EndGlobal
